// !$*UTF8*$!
{
	archiveVersion = 1;
	classes = {
	};
	objectVersion = 50;
	objects = {

/* Begin PBXBuildFile section */
		3D73A5422463390700859AA3 /* AppDelegate.swift in Sources */ = {isa = PBXBuildFile; fileRef = 3D73A5412463390700859AA3 /* AppDelegate.swift */; };
		3D73A5442463390700859AA3 /* SceneDelegate.swift in Sources */ = {isa = PBXBuildFile; fileRef = 3D73A5432463390700859AA3 /* SceneDelegate.swift */; };
		3D73A5462463390700859AA3 /* ViewController.swift in Sources */ = {isa = PBXBuildFile; fileRef = 3D73A5452463390700859AA3 /* ViewController.swift */; };
		3D73A5492463390700859AA3 /* Main.storyboard in Resources */ = {isa = PBXBuildFile; fileRef = 3D73A5472463390700859AA3 /* Main.storyboard */; };
		3D73A54B2463390800859AA3 /* Assets.xcassets in Resources */ = {isa = PBXBuildFile; fileRef = 3D73A54A2463390800859AA3 /* Assets.xcassets */; };
		3D73A54E2463390800859AA3 /* LaunchScreen.storyboard in Resources */ = {isa = PBXBuildFile; fileRef = 3D73A54C2463390800859AA3 /* LaunchScreen.storyboard */; };
		3D73A5592463390800859AA3 /* WarCardsTests.swift in Sources */ = {isa = PBXBuildFile; fileRef = 3D73A5582463390800859AA3 /* WarCardsTests.swift */; };
		3D73A5642463390800859AA3 /* WarCardsUITests.swift in Sources */ = {isa = PBXBuildFile; fileRef = 3D73A5632463390800859AA3 /* WarCardsUITests.swift */; };
/* End PBXBuildFile section */

/* Begin PBXContainerItemProxy section */
		3D73A5552463390800859AA3 /* PBXContainerItemProxy */ = {
			isa = PBXContainerItemProxy;
			containerPortal = 3D73A5362463390600859AA3 /* Project object */;
			proxyType = 1;
			remoteGlobalIDString = 3D73A53D2463390600859AA3;
			remoteInfo = WarCards;
		};
		3D73A5602463390800859AA3 /* PBXContainerItemProxy */ = {
			isa = PBXContainerItemProxy;
			containerPortal = 3D73A5362463390600859AA3 /* Project object */;
			proxyType = 1;
			remoteGlobalIDString = 3D73A53D2463390600859AA3;
			remoteInfo = WarCards;
		};
/* End PBXContainerItemProxy section */

/* Begin PBXFileReference section */
		3D73A53E2463390700859AA3 /* WarCards.app */ = {isa = PBXFileReference; explicitFileType = wrapper.application; includeInIndex = 0; path = WarCards.app; sourceTree = BUILT_PRODUCTS_DIR; };
		3D73A5412463390700859AA3 /* AppDelegate.swift */ = {isa = PBXFileReference; lastKnownFileType = sourcecode.swift; path = AppDelegate.swift; sourceTree = "<group>"; };
		3D73A5432463390700859AA3 /* SceneDelegate.swift */ = {isa = PBXFileReference; lastKnownFileType = sourcecode.swift; path = SceneDelegate.swift; sourceTree = "<group>"; };
		3D73A5452463390700859AA3 /* ViewController.swift */ = {isa = PBXFileReference; lastKnownFileType = sourcecode.swift; path = ViewController.swift; sourceTree = "<group>"; };
		3D73A5482463390700859AA3 /* Base */ = {isa = PBXFileReference; lastKnownFileType = file.storyboard; name = Base; path = Base.lproj/Main.storyboard; sourceTree = "<group>"; };
		3D73A54A2463390800859AA3 /* Assets.xcassets */ = {isa = PBXFileReference; lastKnownFileType = folder.assetcatalog; path = Assets.xcassets; sourceTree = "<group>"; };
		3D73A54D2463390800859AA3 /* Base */ = {isa = PBXFileReference; lastKnownFileType = file.storyboard; name = Base; path = Base.lproj/LaunchScreen.storyboard; sourceTree = "<group>"; };
		3D73A54F2463390800859AA3 /* Info.plist */ = {isa = PBXFileReference; lastKnownFileType = text.plist.xml; path = Info.plist; sourceTree = "<group>"; };
		3D73A5542463390800859AA3 /* WarCardsTests.xctest */ = {isa = PBXFileReference; explicitFileType = wrapper.cfbundle; includeInIndex = 0; path = WarCardsTests.xctest; sourceTree = BUILT_PRODUCTS_DIR; };
		3D73A5582463390800859AA3 /* WarCardsTests.swift */ = {isa = PBXFileReference; lastKnownFileType = sourcecode.swift; path = WarCardsTests.swift; sourceTree = "<group>"; };
		3D73A55A2463390800859AA3 /* Info.plist */ = {isa = PBXFileReference; lastKnownFileType = text.plist.xml; path = Info.plist; sourceTree = "<group>"; };
		3D73A55F2463390800859AA3 /* WarCardsUITests.xctest */ = {isa = PBXFileReference; explicitFileType = wrapper.cfbundle; includeInIndex = 0; path = WarCardsUITests.xctest; sourceTree = BUILT_PRODUCTS_DIR; };
		3D73A5632463390800859AA3 /* WarCardsUITests.swift */ = {isa = PBXFileReference; lastKnownFileType = sourcecode.swift; path = WarCardsUITests.swift; sourceTree = "<group>"; };
		3D73A5652463390800859AA3 /* Info.plist */ = {isa = PBXFileReference; lastKnownFileType = text.plist.xml; path = Info.plist; sourceTree = "<group>"; };
/* End PBXFileReference section */

/* Begin PBXFrameworksBuildPhase section */
		3D73A53B2463390600859AA3 /* Frameworks */ = {
			isa = PBXFrameworksBuildPhase;
			buildActionMask = 2147483647;
			files = (
			);
			runOnlyForDeploymentPostprocessing = 0;
		};
		3D73A5512463390800859AA3 /* Frameworks */ = {
			isa = PBXFrameworksBuildPhase;
			buildActionMask = 2147483647;
			files = (
			);
			runOnlyForDeploymentPostprocessing = 0;
		};
		3D73A55C2463390800859AA3 /* Frameworks */ = {
			isa = PBXFrameworksBuildPhase;
			buildActionMask = 2147483647;
			files = (
			);
			runOnlyForDeploymentPostprocessing = 0;
		};
/* End PBXFrameworksBuildPhase section */

/* Begin PBXGroup section */
		3D73A5352463390600859AA3 = {
			isa = PBXGroup;
			children = (
				3D73A5402463390700859AA3 /* WarCards */,
				3D73A5572463390800859AA3 /* WarCardsTests */,
				3D73A5622463390800859AA3 /* WarCardsUITests */,
				3D73A53F2463390700859AA3 /* Products */,
			);
			sourceTree = "<group>";
		};
		3D73A53F2463390700859AA3 /* Products */ = {
			isa = PBXGroup;
			children = (
				3D73A53E2463390700859AA3 /* WarCards.app */,
				3D73A5542463390800859AA3 /* WarCardsTests.xctest */,
				3D73A55F2463390800859AA3 /* WarCardsUITests.xctest */,
			);
			name = Products;
			sourceTree = "<group>";
		};
		3D73A5402463390700859AA3 /* WarCards */ = {
			isa = PBXGroup;
			children = (
				3D73A5412463390700859AA3 /* AppDelegate.swift */,
				3D73A5432463390700859AA3 /* SceneDelegate.swift */,
				3D73A5452463390700859AA3 /* ViewController.swift */,
				3D73A5472463390700859AA3 /* Main.storyboard */,
				3D73A54A2463390800859AA3 /* Assets.xcassets */,
				3D73A54C2463390800859AA3 /* LaunchScreen.storyboard */,
				3D73A54F2463390800859AA3 /* Info.plist */,
			);
			path = WarCards;
			sourceTree = "<group>";
		};
		3D73A5572463390800859AA3 /* WarCardsTests */ = {
			isa = PBXGroup;
			children = (
				3D73A5582463390800859AA3 /* WarCardsTests.swift */,
				3D73A55A2463390800859AA3 /* Info.plist */,
			);
			path = WarCardsTests;
			sourceTree = "<group>";
		};
		3D73A5622463390800859AA3 /* WarCardsUITests */ = {
			isa = PBXGroup;
			children = (
				3D73A5632463390800859AA3 /* WarCardsUITests.swift */,
				3D73A5652463390800859AA3 /* Info.plist */,
			);
			path = WarCardsUITests;
			sourceTree = "<group>";
		};
/* End PBXGroup section */

/* Begin PBXNativeTarget section */
		3D73A53D2463390600859AA3 /* WarCards */ = {
			isa = PBXNativeTarget;
			buildConfigurationList = 3D73A5682463390800859AA3 /* Build configuration list for PBXNativeTarget "WarCards" */;
			buildPhases = (
				3D73A53A2463390600859AA3 /* Sources */,
				3D73A53B2463390600859AA3 /* Frameworks */,
				3D73A53C2463390600859AA3 /* Resources */,
			);
			buildRules = (
			);
			dependencies = (
			);
			name = WarCards;
			productName = WarCards;
			productReference = 3D73A53E2463390700859AA3 /* WarCards.app */;
			productType = "com.apple.product-type.application";
		};
		3D73A5532463390800859AA3 /* WarCardsTests */ = {
			isa = PBXNativeTarget;
			buildConfigurationList = 3D73A56B2463390800859AA3 /* Build configuration list for PBXNativeTarget "WarCardsTests" */;
			buildPhases = (
				3D73A5502463390800859AA3 /* Sources */,
				3D73A5512463390800859AA3 /* Frameworks */,
				3D73A5522463390800859AA3 /* Resources */,
			);
			buildRules = (
			);
			dependencies = (
				3D73A5562463390800859AA3 /* PBXTargetDependency */,
			);
			name = WarCardsTests;
			productName = WarCardsTests;
			productReference = 3D73A5542463390800859AA3 /* WarCardsTests.xctest */;
			productType = "com.apple.product-type.bundle.unit-test";
		};
		3D73A55E2463390800859AA3 /* WarCardsUITests */ = {
			isa = PBXNativeTarget;
			buildConfigurationList = 3D73A56E2463390800859AA3 /* Build configuration list for PBXNativeTarget "WarCardsUITests" */;
			buildPhases = (
				3D73A55B2463390800859AA3 /* Sources */,
				3D73A55C2463390800859AA3 /* Frameworks */,
				3D73A55D2463390800859AA3 /* Resources */,
			);
			buildRules = (
			);
			dependencies = (
				3D73A5612463390800859AA3 /* PBXTargetDependency */,
			);
			name = WarCardsUITests;
			productName = WarCardsUITests;
			productReference = 3D73A55F2463390800859AA3 /* WarCardsUITests.xctest */;
			productType = "com.apple.product-type.bundle.ui-testing";
		};
/* End PBXNativeTarget section */

/* Begin PBXProject section */
		3D73A5362463390600859AA3 /* Project object */ = {
			isa = PBXProject;
			attributes = {
				LastSwiftUpdateCheck = 1130;
				LastUpgradeCheck = 1130;
				ORGANIZATIONNAME = "William Schwindt";
				TargetAttributes = {
					3D73A53D2463390600859AA3 = {
						CreatedOnToolsVersion = 11.3.1;
					};
					3D73A5532463390800859AA3 = {
						CreatedOnToolsVersion = 11.3.1;
						TestTargetID = 3D73A53D2463390600859AA3;
					};
					3D73A55E2463390800859AA3 = {
						CreatedOnToolsVersion = 11.3.1;
						TestTargetID = 3D73A53D2463390600859AA3;
					};
				};
			};
			buildConfigurationList = 3D73A5392463390600859AA3 /* Build configuration list for PBXProject "WarCards" */;
			compatibilityVersion = "Xcode 9.3";
			developmentRegion = en;
			hasScannedForEncodings = 0;
			knownRegions = (
				en,
				Base,
			);
			mainGroup = 3D73A5352463390600859AA3;
			productRefGroup = 3D73A53F2463390700859AA3 /* Products */;
			projectDirPath = "";
			projectRoot = "";
			targets = (
				3D73A53D2463390600859AA3 /* WarCards */,
				3D73A5532463390800859AA3 /* WarCardsTests */,
				3D73A55E2463390800859AA3 /* WarCardsUITests */,
			);
		};
/* End PBXProject section */

/* Begin PBXResourcesBuildPhase section */
		3D73A53C2463390600859AA3 /* Resources */ = {
			isa = PBXResourcesBuildPhase;
			buildActionMask = 2147483647;
			files = (
				3D73A54E2463390800859AA3 /* LaunchScreen.storyboard in Resources */,
				3D73A54B2463390800859AA3 /* Assets.xcassets in Resources */,
				3D73A5492463390700859AA3 /* Main.storyboard in Resources */,
			);
			runOnlyForDeploymentPostprocessing = 0;
		};
		3D73A5522463390800859AA3 /* Resources */ = {
			isa = PBXResourcesBuildPhase;
			buildActionMask = 2147483647;
			files = (
			);
			runOnlyForDeploymentPostprocessing = 0;
		};
		3D73A55D2463390800859AA3 /* Resources */ = {
			isa = PBXResourcesBuildPhase;
			buildActionMask = 2147483647;
			files = (
			);
			runOnlyForDeploymentPostprocessing = 0;
		};
/* End PBXResourcesBuildPhase section */

/* Begin PBXSourcesBuildPhase section */
		3D73A53A2463390600859AA3 /* Sources */ = {
			isa = PBXSourcesBuildPhase;
			buildActionMask = 2147483647;
			files = (
				3D73A5462463390700859AA3 /* ViewController.swift in Sources */,
				3D73A5422463390700859AA3 /* AppDelegate.swift in Sources */,
				3D73A5442463390700859AA3 /* SceneDelegate.swift in Sources */,
			);
			runOnlyForDeploymentPostprocessing = 0;
		};
		3D73A5502463390800859AA3 /* Sources */ = {
			isa = PBXSourcesBuildPhase;
			buildActionMask = 2147483647;
			files = (
				3D73A5592463390800859AA3 /* WarCardsTests.swift in Sources */,
			);
			runOnlyForDeploymentPostprocessing = 0;
		};
		3D73A55B2463390800859AA3 /* Sources */ = {
			isa = PBXSourcesBuildPhase;
			buildActionMask = 2147483647;
			files = (
				3D73A5642463390800859AA3 /* WarCardsUITests.swift in Sources */,
			);
			runOnlyForDeploymentPostprocessing = 0;
		};
/* End PBXSourcesBuildPhase section */

/* Begin PBXTargetDependency section */
		3D73A5562463390800859AA3 /* PBXTargetDependency */ = {
			isa = PBXTargetDependency;
			target = 3D73A53D2463390600859AA3 /* WarCards */;
			targetProxy = 3D73A5552463390800859AA3 /* PBXContainerItemProxy */;
		};
		3D73A5612463390800859AA3 /* PBXTargetDependency */ = {
			isa = PBXTargetDependency;
			target = 3D73A53D2463390600859AA3 /* WarCards */;
			targetProxy = 3D73A5602463390800859AA3 /* PBXContainerItemProxy */;
		};
/* End PBXTargetDependency section */

/* Begin PBXVariantGroup section */
		3D73A5472463390700859AA3 /* Main.storyboard */ = {
			isa = PBXVariantGroup;
			children = (
				3D73A5482463390700859AA3 /* Base */,
			);
			name = Main.storyboard;
			sourceTree = "<group>";
		};
		3D73A54C2463390800859AA3 /* LaunchScreen.storyboard */ = {
			isa = PBXVariantGroup;
			children = (
				3D73A54D2463390800859AA3 /* Base */,
			);
			name = LaunchScreen.storyboard;
			sourceTree = "<group>";
		};
/* End PBXVariantGroup section */

/* Begin XCBuildConfiguration section */
		3D73A5662463390800859AA3 /* Debug */ = {
			isa = XCBuildConfiguration;
			buildSettings = {
				ALWAYS_SEARCH_USER_PATHS = NO;
				CLANG_ANALYZER_NONNULL = YES;
				CLANG_ANALYZER_NUMBER_OBJECT_CONVERSION = YES_AGGRESSIVE;
				CLANG_CXX_LANGUAGE_STANDARD = "gnu++14";
				CLANG_CXX_LIBRARY = "libc++";
				CLANG_ENABLE_MODULES = YES;
				CLANG_ENABLE_OBJC_ARC = YES;
				CLANG_ENABLE_OBJC_WEAK = YES;
				CLANG_WARN_BLOCK_CAPTURE_AUTORELEASING = YES;
				CLANG_WARN_BOOL_CONVERSION = YES;
				CLANG_WARN_COMMA = YES;
				CLANG_WARN_CONSTANT_CONVERSION = YES;
				CLANG_WARN_DEPRECATED_OBJC_IMPLEMENTATIONS = YES;
				CLANG_WARN_DIRECT_OBJC_ISA_USAGE = YES_ERROR;
				CLANG_WARN_DOCUMENTATION_COMMENTS = YES;
				CLANG_WARN_EMPTY_BODY = YES;
				CLANG_WARN_ENUM_CONVERSION = YES;
				CLANG_WARN_INFINITE_RECURSION = YES;
				CLANG_WARN_INT_CONVERSION = YES;
				CLANG_WARN_NON_LITERAL_NULL_CONVERSION = YES;
				CLANG_WARN_OBJC_IMPLICIT_RETAIN_SELF = YES;
				CLANG_WARN_OBJC_LITERAL_CONVERSION = YES;
				CLANG_WARN_OBJC_ROOT_CLASS = YES_ERROR;
				CLANG_WARN_RANGE_LOOP_ANALYSIS = YES;
				CLANG_WARN_STRICT_PROTOTYPES = YES;
				CLANG_WARN_SUSPICIOUS_MOVE = YES;
				CLANG_WARN_UNGUARDED_AVAILABILITY = YES_AGGRESSIVE;
				CLANG_WARN_UNREACHABLE_CODE = YES;
				CLANG_WARN__DUPLICATE_METHOD_MATCH = YES;
				COPY_PHASE_STRIP = NO;
				DEBUG_INFORMATION_FORMAT = dwarf;
				ENABLE_STRICT_OBJC_MSGSEND = YES;
				ENABLE_TESTABILITY = YES;
				GCC_C_LANGUAGE_STANDARD = gnu11;
				GCC_DYNAMIC_NO_PIC = NO;
				GCC_NO_COMMON_BLOCKS = YES;
				GCC_OPTIMIZATION_LEVEL = 0;
				GCC_PREPROCESSOR_DEFINITIONS = (
					"DEBUG=1",
					"$(inherited)",
				);
				GCC_WARN_64_TO_32_BIT_CONVERSION = YES;
				GCC_WARN_ABOUT_RETURN_TYPE = YES_ERROR;
				GCC_WARN_UNDECLARED_SELECTOR = YES;
				GCC_WARN_UNINITIALIZED_AUTOS = YES_AGGRESSIVE;
				GCC_WARN_UNUSED_FUNCTION = YES;
				GCC_WARN_UNUSED_VARIABLE = YES;
				IPHONEOS_DEPLOYMENT_TARGET = 13.2;
				MTL_ENABLE_DEBUG_INFO = INCLUDE_SOURCE;
				MTL_FAST_MATH = YES;
				ONLY_ACTIVE_ARCH = YES;
				SDKROOT = iphoneos;
				SWIFT_ACTIVE_COMPILATION_CONDITIONS = DEBUG;
				SWIFT_OPTIMIZATION_LEVEL = "-Onone";
			};
			name = Debug;
		};
		3D73A5672463390800859AA3 /* Release */ = {
			isa = XCBuildConfiguration;
			buildSettings = {
				ALWAYS_SEARCH_USER_PATHS = NO;
				CLANG_ANALYZER_NONNULL = YES;
				CLANG_ANALYZER_NUMBER_OBJECT_CONVERSION = YES_AGGRESSIVE;
				CLANG_CXX_LANGUAGE_STANDARD = "gnu++14";
				CLANG_CXX_LIBRARY = "libc++";
				CLANG_ENABLE_MODULES = YES;
				CLANG_ENABLE_OBJC_ARC = YES;
				CLANG_ENABLE_OBJC_WEAK = YES;
				CLANG_WARN_BLOCK_CAPTURE_AUTORELEASING = YES;
				CLANG_WARN_BOOL_CONVERSION = YES;
				CLANG_WARN_COMMA = YES;
				CLANG_WARN_CONSTANT_CONVERSION = YES;
				CLANG_WARN_DEPRECATED_OBJC_IMPLEMENTATIONS = YES;
				CLANG_WARN_DIRECT_OBJC_ISA_USAGE = YES_ERROR;
				CLANG_WARN_DOCUMENTATION_COMMENTS = YES;
				CLANG_WARN_EMPTY_BODY = YES;
				CLANG_WARN_ENUM_CONVERSION = YES;
				CLANG_WARN_INFINITE_RECURSION = YES;
				CLANG_WARN_INT_CONVERSION = YES;
				CLANG_WARN_NON_LITERAL_NULL_CONVERSION = YES;
				CLANG_WARN_OBJC_IMPLICIT_RETAIN_SELF = YES;
				CLANG_WARN_OBJC_LITERAL_CONVERSION = YES;
				CLANG_WARN_OBJC_ROOT_CLASS = YES_ERROR;
				CLANG_WARN_RANGE_LOOP_ANALYSIS = YES;
				CLANG_WARN_STRICT_PROTOTYPES = YES;
				CLANG_WARN_SUSPICIOUS_MOVE = YES;
				CLANG_WARN_UNGUARDED_AVAILABILITY = YES_AGGRESSIVE;
				CLANG_WARN_UNREACHABLE_CODE = YES;
				CLANG_WARN__DUPLICATE_METHOD_MATCH = YES;
				COPY_PHASE_STRIP = NO;
				DEBUG_INFORMATION_FORMAT = "dwarf-with-dsym";
				ENABLE_NS_ASSERTIONS = NO;
				ENABLE_STRICT_OBJC_MSGSEND = YES;
				GCC_C_LANGUAGE_STANDARD = gnu11;
				GCC_NO_COMMON_BLOCKS = YES;
				GCC_WARN_64_TO_32_BIT_CONVERSION = YES;
				GCC_WARN_ABOUT_RETURN_TYPE = YES_ERROR;
				GCC_WARN_UNDECLARED_SELECTOR = YES;
				GCC_WARN_UNINITIALIZED_AUTOS = YES_AGGRESSIVE;
				GCC_WARN_UNUSED_FUNCTION = YES;
				GCC_WARN_UNUSED_VARIABLE = YES;
				IPHONEOS_DEPLOYMENT_TARGET = 13.2;
				MTL_ENABLE_DEBUG_INFO = NO;
				MTL_FAST_MATH = YES;
				SDKROOT = iphoneos;
				SWIFT_COMPILATION_MODE = wholemodule;
				SWIFT_OPTIMIZATION_LEVEL = "-O";
				VALIDATE_PRODUCT = YES;
			};
			name = Release;
		};
		3D73A5692463390800859AA3 /* Debug */ = {
			isa = XCBuildConfiguration;
			buildSettings = {
				ASSETCATALOG_COMPILER_APPICON_NAME = AppIcon;
				CODE_SIGN_STYLE = Automatic;
				INFOPLIST_FILE = WarCards/Info.plist;
				LD_RUNPATH_SEARCH_PATHS = (
					"$(inherited)",
					"@executable_path/Frameworks",
				);
				PRODUCT_BUNDLE_IDENTIFIER = com.williamschwindt.WarCards;
				PRODUCT_NAME = "$(TARGET_NAME)";
				SWIFT_VERSION = 5.0;
				TARGETED_DEVICE_FAMILY = "1,2";
			};
			name = Debug;
		};
		3D73A56A2463390800859AA3 /* Release */ = {
			isa = XCBuildConfiguration;
			buildSettings = {
				ASSETCATALOG_COMPILER_APPICON_NAME = AppIcon;
				CODE_SIGN_STYLE = Automatic;
				INFOPLIST_FILE = WarCards/Info.plist;
				LD_RUNPATH_SEARCH_PATHS = (
					"$(inherited)",
					"@executable_path/Frameworks",
				);
				PRODUCT_BUNDLE_IDENTIFIER = com.williamschwindt.WarCards;
				PRODUCT_NAME = "$(TARGET_NAME)";
				SWIFT_VERSION = 5.0;
				TARGETED_DEVICE_FAMILY = "1,2";
			};
			name = Release;
		};
		3D73A56C2463390800859AA3 /* Debug */ = {
			isa = XCBuildConfiguration;
			buildSettings = {
				ALWAYS_EMBED_SWIFT_STANDARD_LIBRARIES = YES;
				BUNDLE_LOADER = "$(TEST_HOST)";
				CODE_SIGN_STYLE = Automatic;
				INFOPLIST_FILE = WarCardsTests/Info.plist;
				IPHONEOS_DEPLOYMENT_TARGET = 13.2;
				LD_RUNPATH_SEARCH_PATHS = (
					"$(inherited)",
					"@executable_path/Frameworks",
					"@loader_path/Frameworks",
				);
				PRODUCT_BUNDLE_IDENTIFIER = com.williamschwindt.WarCardsTests;
				PRODUCT_NAME = "$(TARGET_NAME)";
				SWIFT_VERSION = 5.0;
				TARGETED_DEVICE_FAMILY = "1,2";
				TEST_HOST = "$(BUILT_PRODUCTS_DIR)/WarCards.app/WarCards";
			};
			name = Debug;
		};
		3D73A56D2463390800859AA3 /* Release */ = {
			isa = XCBuildConfiguration;
			buildSettings = {
				ALWAYS_EMBED_SWIFT_STANDARD_LIBRARIES = YES;
				BUNDLE_LOADER = "$(TEST_HOST)";
				CODE_SIGN_STYLE = Automatic;
				INFOPLIST_FILE = WarCardsTests/Info.plist;
				IPHONEOS_DEPLOYMENT_TARGET = 13.2;
				LD_RUNPATH_SEARCH_PATHS = (
					"$(inherited)",
					"@executable_path/Frameworks",
					"@loader_path/Frameworks",
				);
				PRODUCT_BUNDLE_IDENTIFIER = com.williamschwindt.WarCardsTests;
				PRODUCT_NAME = "$(TARGET_NAME)";
				SWIFT_VERSION = 5.0;
				TARGETED_DEVICE_FAMILY = "1,2";
				TEST_HOST = "$(BUILT_PRODUCTS_DIR)/WarCards.app/WarCards";
			};
			name = Release;
		};
		3D73A56F2463390800859AA3 /* Debug */ = {
			isa = XCBuildConfiguration;
			buildSettings = {
				ALWAYS_EMBED_SWIFT_STANDARD_LIBRARIES = YES;
				CODE_SIGN_STYLE = Automatic;
				INFOPLIST_FILE = WarCardsUITests/Info.plist;
				LD_RUNPATH_SEARCH_PATHS = (
					"$(inherited)",
					"@executable_path/Frameworks",
					"@loader_path/Frameworks",
				);
				PRODUCT_BUNDLE_IDENTIFIER = com.williamschwindt.WarCardsUITests;
				PRODUCT_NAME = "$(TARGET_NAME)";
				SWIFT_VERSION = 5.0;
				TARGETED_DEVICE_FAMILY = "1,2";
				TEST_TARGET_NAME = WarCards;
			};
			name = Debug;
		};
		3D73A5702463390800859AA3 /* Release */ = {
			isa = XCBuildConfiguration;
			buildSettings = {
				ALWAYS_EMBED_SWIFT_STANDARD_LIBRARIES = YES;
				CODE_SIGN_STYLE = Automatic;
				INFOPLIST_FILE = WarCardsUITests/Info.plist;
				LD_RUNPATH_SEARCH_PATHS = (
					"$(inherited)",
					"@executable_path/Frameworks",
					"@loader_path/Frameworks",
				);
				PRODUCT_BUNDLE_IDENTIFIER = com.williamschwindt.WarCardsUITests;
				PRODUCT_NAME = "$(TARGET_NAME)";
				SWIFT_VERSION = 5.0;
				TARGETED_DEVICE_FAMILY = "1,2";
				TEST_TARGET_NAME = WarCards;
			};
			name = Release;
		};
/* End XCBuildConfiguration section */

/* Begin XCConfigurationList section */
		3D73A5392463390600859AA3 /* Build configuration list for PBXProject "WarCards" */ = {
			isa = XCConfigurationList;
			buildConfigurations = (
				3D73A5662463390800859AA3 /* Debug */,
				3D73A5672463390800859AA3 /* Release */,
			);
			defaultConfigurationIsVisible = 0;
			defaultConfigurationName = Release;
		};
		3D73A5682463390800859AA3 /* Build configuration list for PBXNativeTarget "WarCards" */ = {
			isa = XCConfigurationList;
			buildConfigurations = (
				3D73A5692463390800859AA3 /* Debug */,
				3D73A56A2463390800859AA3 /* Release */,
			);
			defaultConfigurationIsVisible = 0;
			defaultConfigurationName = Release;
		};
		3D73A56B2463390800859AA3 /* Build configuration list for PBXNativeTarget "WarCardsTests" */ = {
			isa = XCConfigurationList;
			buildConfigurations = (
				3D73A56C2463390800859AA3 /* Debug */,
				3D73A56D2463390800859AA3 /* Release */,
			);
			defaultConfigurationIsVisible = 0;
			defaultConfigurationName = Release;
		};
		3D73A56E2463390800859AA3 /* Build configuration list for PBXNativeTarget "WarCardsUITests" */ = {
			isa = XCConfigurationList;
			buildConfigurations = (
				3D73A56F2463390800859AA3 /* Debug */,
				3D73A5702463390800859AA3 /* Release */,
			);
			defaultConfigurationIsVisible = 0;
			defaultConfigurationName = Release;
		};
/* End XCConfigurationList section */
	};
	rootObject = 3D73A5362463390600859AA3 /* Project object */;
}
